
Microsoft Visual Studio Solution File, Format Version 12.00
# Visual Studio Version 17
VisualStudioVersion = 17.13.35913.81 d17.13
MinimumVisualStudioVersion = 10.0.40219.1
Project("{FAE04EC0-301F-11D3-BF4B-00C04F79EFBC}") = "Assignment1", "Assignment1\Assignment1.csproj", "{992EB4FD-203F-4777-B03F-84FE1E402993}"
EndProject
Project("{FAE04EC0-301F-11D3-BF4B-00C04F79EFBC}") = "Assignment2", "Conway-student\Assignment2.csproj", "{19902BA8-B9E1-612F-4E60-E90C2927C559}"
EndProject
Project("{FAE04EC0-301F-11D3-BF4B-00C04F79EFBC}") = "Assignment3", "Assignment3\Assignment3.csproj", "{416D724E-AAC1-4877-A398-52CE798EE758}"
EndProject
Global
	GlobalSection(SolutionConfigurationPlatforms) = preSolution
		Debug|Any CPU = Debug|Any CPU
		Release|Any CPU = Release|Any CPU
	EndGlobalSection
	GlobalSection(ProjectConfigurationPlatforms) = postSolution
		{992EB4FD-203F-4777-B03F-84FE1E402993}.Debug|Any CPU.ActiveCfg = Debug|Any CPU
		{992EB4FD-203F-4777-B03F-84FE1E402993}.Debug|Any CPU.Build.0 = Debug|Any CPU
		{992EB4FD-203F-4777-B03F-84FE1E402993}.Release|Any CPU.ActiveCfg = Release|Any CPU
		{992EB4FD-203F-4777-B03F-84FE1E402993}.Release|Any CPU.Build.0 = Release|Any CPU
		{19902BA8-B9E1-612F-4E60-E90C2927C559}.Debug|Any CPU.ActiveCfg = Debug|Any CPU
		{19902BA8-B9E1-612F-4E60-E90C2927C559}.Debug|Any CPU.Build.0 = Debug|Any CPU
		{19902BA8-B9E1-612F-4E60-E90C2927C559}.Release|Any CPU.ActiveCfg = Release|Any CPU
		{19902BA8-B9E1-612F-4E60-E90C2927C559}.Release|Any CPU.Build.0 = Release|Any CPU
		{416D724E-AAC1-4877-A398-52CE798EE758}.Debug|Any CPU.ActiveCfg = Debug|Any CPU
		{416D724E-AAC1-4877-A398-52CE798EE758}.Debug|Any CPU.Build.0 = Debug|Any CPU
		{416D724E-AAC1-4877-A398-52CE798EE758}.Release|Any CPU.ActiveCfg = Release|Any CPU
		{416D724E-AAC1-4877-A398-52CE798EE758}.Release|Any CPU.Build.0 = Release|Any CPU
	EndGlobalSection
	GlobalSection(SolutionProperties) = preSolution
		HideSolutionNode = FALSE
	EndGlobalSection
	GlobalSection(ExtensibilityGlobals) = postSolution
		SolutionGuid = {2F701A94-EC69-41B9-B8CB-5AD88E49A06F}
	EndGlobalSection
EndGlobal
