
Microsoft Visual Studio Solution File, Format Version 12.00
# Visual Studio Version 17
VisualStudioVersion = 17.13.35913.81 d17.13
MinimumVisualStudioVersion = 10.0.40219.1
Project("{FAE04EC0-301F-11D3-BF4B-00C04F79EFBC}") = "Assignment1", "Assignment1\Assignment1.csproj", "{1DADA5AD-FABA-4640-BC8A-953425A968FD}"
EndProject
Global
	GlobalSection(SolutionConfigurationPlatforms) = preSolution
		Debug|Any CPU = Debug|Any CPU
		Release|Any CPU = Release|Any CPU
	EndGlobalSection
	GlobalSection(ProjectConfigurationPlatforms) = postSolution
		{1DADA5AD-FABA-4640-BC8A-953425A968FD}.Debug|Any CPU.ActiveCfg = Debug|Any CPU
		{1DADA5AD-FABA-4640-BC8A-953425A968FD}.Debug|Any CPU.Build.0 = Debug|Any CPU
		{1DADA5AD-FABA-4640-BC8A-953425A968FD}.Release|Any CPU.ActiveCfg = Release|Any CPU
		{1DADA5AD-FABA-4640-BC8A-953425A968FD}.Release|Any CPU.Build.0 = Release|Any CPU
	EndGlobalSection
	GlobalSection(SolutionProperties) = preSolution
		HideSolutionNode = FALSE
	EndGlobalSection
	GlobalSection(ExtensibilityGlobals) = postSolution
		SolutionGuid = {DC1AB752-46D4-4FBD-8B1F-5DAAE2607696}
	EndGlobalSection
EndGlobal
