
Microsoft Visual Studio Solution File, Format Version 12.00
# Visual Studio Version 17
VisualStudioVersion = 17.13.35913.81 d17.13
MinimumVisualStudioVersion = 10.0.40219.1
Project("{FAE04EC0-301F-11D3-BF4B-00C04F79EFBC}") = "Assignment1", "Assignment1\Assignment1.csproj", "{39976EBB-EF7A-44AC-98D0-C2B3E352E9FA}"
EndProject
Project("{FAE04EC0-301F-11D3-BF4B-00C04F79EFBC}") = "Assignment2", "Assignment2\Assignment2.csproj", "{01E77DC3-A557-4CC6-AE94-F020D0CEA01F}"
EndProject
Global
	GlobalSection(SolutionConfigurationPlatforms) = preSolution
		Debug|Any CPU = Debug|Any CPU
		Release|Any CPU = Release|Any CPU
	EndGlobalSection
	GlobalSection(ProjectConfigurationPlatforms) = postSolution
		{39976EBB-EF7A-44AC-98D0-C2B3E352E9FA}.Debug|Any CPU.ActiveCfg = Debug|Any CPU
		{39976EBB-EF7A-44AC-98D0-C2B3E352E9FA}.Debug|Any CPU.Build.0 = Debug|Any CPU
		{39976EBB-EF7A-44AC-98D0-C2B3E352E9FA}.Release|Any CPU.ActiveCfg = Release|Any CPU
		{39976EBB-EF7A-44AC-98D0-C2B3E352E9FA}.Release|Any CPU.Build.0 = Release|Any CPU
		{01E77DC3-A557-4CC6-AE94-F020D0CEA01F}.Debug|Any CPU.ActiveCfg = Debug|Any CPU
		{01E77DC3-A557-4CC6-AE94-F020D0CEA01F}.Debug|Any CPU.Build.0 = Debug|Any CPU
		{01E77DC3-A557-4CC6-AE94-F020D0CEA01F}.Release|Any CPU.ActiveCfg = Release|Any CPU
		{01E77DC3-A557-4CC6-AE94-F020D0CEA01F}.Release|Any CPU.Build.0 = Release|Any CPU
	EndGlobalSection
	GlobalSection(SolutionProperties) = preSolution
		HideSolutionNode = FALSE
	EndGlobalSection
	GlobalSection(ExtensibilityGlobals) = postSolution
		SolutionGuid = {9B614C84-0909-4524-9AF6-D202CF80D326}
	EndGlobalSection
EndGlobal
